
Microsoft Visual Studio Solution File, Format Version 12.00
# Visual Studio Version 17
VisualStudioVersion = 17.3.32922.545
MinimumVisualStudioVersion = 10.0.40219.1
Project("{9A19103F-16F7-4668-BE54-9A1E7A4F7556}") = "Formula", "Formula\Formula.csproj", "{4F2589FD-8AB5-44F9-AF79-8A4709151649}"
EndProject
Project("{9A19103F-16F7-4668-BE54-9A1E7A4F7556}") = "DependencyGraph", "DependencyGraph\DependencyGraph.csproj", "{24B30667-D4DD-43F9-857D-D4F1530ED850}"
EndProject
Project("{9A19103F-16F7-4668-BE54-9A1E7A4F7556}") = "FormulaEvaluator", "FormulaEvaluator\FormulaEvaluator.csproj", "{1422C424-D329-4269-9009-F19E7B27EB8F}"
EndProject
Project("{9A19103F-16F7-4668-BE54-9A1E7A4F7556}") = "Spreadsheet", "Spreadsheet\Spreadsheet.csproj", "{9FAE9BD3-2DF8-4D03-9AD3-A0B45E0B06BB}"
EndProject
Project("{9A19103F-16F7-4668-BE54-9A1E7A4F7556}") = "GUI", "GUI\GUI.csproj", "{B44EE6DE-0AAF-4E51-AAF5-94F1E264AC18}"
EndProject
Global
	GlobalSection(SolutionConfigurationPlatforms) = preSolution
		Debug|Any CPU = Debug|Any CPU
		Debug|ARM = Debug|ARM
		Debug|ARM64 = Debug|ARM64
		Debug|x64 = Debug|x64
		Debug|x86 = Debug|x86
		Release|Any CPU = Release|Any CPU
		Release|ARM = Release|ARM
		Release|ARM64 = Release|ARM64
		Release|x64 = Release|x64
		Release|x86 = Release|x86
	EndGlobalSection
	GlobalSection(ProjectConfigurationPlatforms) = postSolution
		{4F2589FD-8AB5-44F9-AF79-8A4709151649}.Debug|Any CPU.ActiveCfg = Debug|Any CPU
		{4F2589FD-8AB5-44F9-AF79-8A4709151649}.Debug|Any CPU.Build.0 = Debug|Any CPU
		{4F2589FD-8AB5-44F9-AF79-8A4709151649}.Debug|ARM.ActiveCfg = Debug|Any CPU
		{4F2589FD-8AB5-44F9-AF79-8A4709151649}.Debug|ARM.Build.0 = Debug|Any CPU
		{4F2589FD-8AB5-44F9-AF79-8A4709151649}.Debug|ARM64.ActiveCfg = Debug|Any CPU
		{4F2589FD-8AB5-44F9-AF79-8A4709151649}.Debug|ARM64.Build.0 = Debug|Any CPU
		{4F2589FD-8AB5-44F9-AF79-8A4709151649}.Debug|x64.ActiveCfg = Debug|x64
		{4F2589FD-8AB5-44F9-AF79-8A4709151649}.Debug|x64.Build.0 = Debug|x64
		{4F2589FD-8AB5-44F9-AF79-8A4709151649}.Debug|x86.ActiveCfg = Debug|Any CPU
		{4F2589FD-8AB5-44F9-AF79-8A4709151649}.Debug|x86.Build.0 = Debug|Any CPU
		{4F2589FD-8AB5-44F9-AF79-8A4709151649}.Release|Any CPU.ActiveCfg = Release|Any CPU
		{4F2589FD-8AB5-44F9-AF79-8A4709151649}.Release|Any CPU.Build.0 = Release|Any CPU
		{4F2589FD-8AB5-44F9-AF79-8A4709151649}.Release|ARM.ActiveCfg = Release|Any CPU
		{4F2589FD-8AB5-44F9-AF79-8A4709151649}.Release|ARM.Build.0 = Release|Any CPU
		{4F2589FD-8AB5-44F9-AF79-8A4709151649}.Release|ARM64.ActiveCfg = Release|Any CPU
		{4F2589FD-8AB5-44F9-AF79-8A4709151649}.Release|ARM64.Build.0 = Release|Any CPU
		{4F2589FD-8AB5-44F9-AF79-8A4709151649}.Release|x64.ActiveCfg = Release|x64
		{4F2589FD-8AB5-44F9-AF79-8A4709151649}.Release|x64.Build.0 = Release|x64
		{4F2589FD-8AB5-44F9-AF79-8A4709151649}.Release|x86.ActiveCfg = Release|Any CPU
		{4F2589FD-8AB5-44F9-AF79-8A4709151649}.Release|x86.Build.0 = Release|Any CPU
		{24B30667-D4DD-43F9-857D-D4F1530ED850}.Debug|Any CPU.ActiveCfg = Debug|Any CPU
		{24B30667-D4DD-43F9-857D-D4F1530ED850}.Debug|Any CPU.Build.0 = Debug|Any CPU
		{24B30667-D4DD-43F9-857D-D4F1530ED850}.Debug|ARM.ActiveCfg = Debug|Any CPU
		{24B30667-D4DD-43F9-857D-D4F1530ED850}.Debug|ARM.Build.0 = Debug|Any CPU
		{24B30667-D4DD-43F9-857D-D4F1530ED850}.Debug|ARM64.ActiveCfg = Debug|Any CPU
		{24B30667-D4DD-43F9-857D-D4F1530ED850}.Debug|ARM64.Build.0 = Debug|Any CPU
		{24B30667-D4DD-43F9-857D-D4F1530ED850}.Debug|x64.ActiveCfg = Debug|x64
		{24B30667-D4DD-43F9-857D-D4F1530ED850}.Debug|x64.Build.0 = Debug|x64
		{24B30667-D4DD-43F9-857D-D4F1530ED850}.Debug|x86.ActiveCfg = Debug|Any CPU
		{24B30667-D4DD-43F9-857D-D4F1530ED850}.Debug|x86.Build.0 = Debug|Any CPU
		{24B30667-D4DD-43F9-857D-D4F1530ED850}.Release|Any CPU.ActiveCfg = Release|Any CPU
		{24B30667-D4DD-43F9-857D-D4F1530ED850}.Release|Any CPU.Build.0 = Release|Any CPU
		{24B30667-D4DD-43F9-857D-D4F1530ED850}.Release|ARM.ActiveCfg = Release|Any CPU
		{24B30667-D4DD-43F9-857D-D4F1530ED850}.Release|ARM.Build.0 = Release|Any CPU
		{24B30667-D4DD-43F9-857D-D4F1530ED850}.Release|ARM64.ActiveCfg = Release|Any CPU
		{24B30667-D4DD-43F9-857D-D4F1530ED850}.Release|ARM64.Build.0 = Release|Any CPU
		{24B30667-D4DD-43F9-857D-D4F1530ED850}.Release|x64.ActiveCfg = Release|x64
		{24B30667-D4DD-43F9-857D-D4F1530ED850}.Release|x64.Build.0 = Release|x64
		{24B30667-D4DD-43F9-857D-D4F1530ED850}.Release|x86.ActiveCfg = Release|Any CPU
		{24B30667-D4DD-43F9-857D-D4F1530ED850}.Release|x86.Build.0 = Release|Any CPU
		{1422C424-D329-4269-9009-F19E7B27EB8F}.Debug|Any CPU.ActiveCfg = Debug|Any CPU
		{1422C424-D329-4269-9009-F19E7B27EB8F}.Debug|Any CPU.Build.0 = Debug|Any CPU
		{1422C424-D329-4269-9009-F19E7B27EB8F}.Debug|ARM.ActiveCfg = Debug|Any CPU
		{1422C424-D329-4269-9009-F19E7B27EB8F}.Debug|ARM.Build.0 = Debug|Any CPU
		{1422C424-D329-4269-9009-F19E7B27EB8F}.Debug|ARM64.ActiveCfg = Debug|Any CPU
		{1422C424-D329-4269-9009-F19E7B27EB8F}.Debug|ARM64.Build.0 = Debug|Any CPU
		{1422C424-D329-4269-9009-F19E7B27EB8F}.Debug|x64.ActiveCfg = Debug|x64
		{1422C424-D329-4269-9009-F19E7B27EB8F}.Debug|x64.Build.0 = Debug|x64
		{1422C424-D329-4269-9009-F19E7B27EB8F}.Debug|x86.ActiveCfg = Debug|Any CPU
		{1422C424-D329-4269-9009-F19E7B27EB8F}.Debug|x86.Build.0 = Debug|Any CPU
		{1422C424-D329-4269-9009-F19E7B27EB8F}.Release|Any CPU.ActiveCfg = Release|Any CPU
		{1422C424-D329-4269-9009-F19E7B27EB8F}.Release|Any CPU.Build.0 = Release|Any CPU
		{1422C424-D329-4269-9009-F19E7B27EB8F}.Release|ARM.ActiveCfg = Release|Any CPU
		{1422C424-D329-4269-9009-F19E7B27EB8F}.Release|ARM.Build.0 = Release|Any CPU
		{1422C424-D329-4269-9009-F19E7B27EB8F}.Release|ARM64.ActiveCfg = Release|Any CPU
		{1422C424-D329-4269-9009-F19E7B27EB8F}.Release|ARM64.Build.0 = Release|Any CPU
		{1422C424-D329-4269-9009-F19E7B27EB8F}.Release|x64.ActiveCfg = Release|x64
		{1422C424-D329-4269-9009-F19E7B27EB8F}.Release|x64.Build.0 = Release|x64
		{1422C424-D329-4269-9009-F19E7B27EB8F}.Release|x86.ActiveCfg = Release|Any CPU
		{1422C424-D329-4269-9009-F19E7B27EB8F}.Release|x86.Build.0 = Release|Any CPU
		{9FAE9BD3-2DF8-4D03-9AD3-A0B45E0B06BB}.Debug|Any CPU.ActiveCfg = Debug|Any CPU
		{9FAE9BD3-2DF8-4D03-9AD3-A0B45E0B06BB}.Debug|Any CPU.Build.0 = Debug|Any CPU
		{9FAE9BD3-2DF8-4D03-9AD3-A0B45E0B06BB}.Debug|ARM.ActiveCfg = Debug|Any CPU
		{9FAE9BD3-2DF8-4D03-9AD3-A0B45E0B06BB}.Debug|ARM.Build.0 = Debug|Any CPU
		{9FAE9BD3-2DF8-4D03-9AD3-A0B45E0B06BB}.Debug|ARM64.ActiveCfg = Debug|Any CPU
		{9FAE9BD3-2DF8-4D03-9AD3-A0B45E0B06BB}.Debug|ARM64.Build.0 = Debug|Any CPU
		{9FAE9BD3-2DF8-4D03-9AD3-A0B45E0B06BB}.Debug|x64.ActiveCfg = Debug|x64
		{9FAE9BD3-2DF8-4D03-9AD3-A0B45E0B06BB}.Debug|x64.Build.0 = Debug|x64
		{9FAE9BD3-2DF8-4D03-9AD3-A0B45E0B06BB}.Debug|x86.ActiveCfg = Debug|Any CPU
		{9FAE9BD3-2DF8-4D03-9AD3-A0B45E0B06BB}.Debug|x86.Build.0 = Debug|Any CPU
		{9FAE9BD3-2DF8-4D03-9AD3-A0B45E0B06BB}.Release|Any CPU.ActiveCfg = Release|Any CPU
		{9FAE9BD3-2DF8-4D03-9AD3-A0B45E0B06BB}.Release|Any CPU.Build.0 = Release|Any CPU
		{9FAE9BD3-2DF8-4D03-9AD3-A0B45E0B06BB}.Release|ARM.ActiveCfg = Release|Any CPU
		{9FAE9BD3-2DF8-4D03-9AD3-A0B45E0B06BB}.Release|ARM.Build.0 = Release|Any CPU
		{9FAE9BD3-2DF8-4D03-9AD3-A0B45E0B06BB}.Release|ARM64.ActiveCfg = Release|Any CPU
		{9FAE9BD3-2DF8-4D03-9AD3-A0B45E0B06BB}.Release|ARM64.Build.0 = Release|Any CPU
		{9FAE9BD3-2DF8-4D03-9AD3-A0B45E0B06BB}.Release|x64.ActiveCfg = Release|x64
		{9FAE9BD3-2DF8-4D03-9AD3-A0B45E0B06BB}.Release|x64.Build.0 = Release|x64
		{9FAE9BD3-2DF8-4D03-9AD3-A0B45E0B06BB}.Release|x86.ActiveCfg = Release|Any CPU
		{9FAE9BD3-2DF8-4D03-9AD3-A0B45E0B06BB}.Release|x86.Build.0 = Release|Any CPU
		{B44EE6DE-0AAF-4E51-AAF5-94F1E264AC18}.Debug|Any CPU.ActiveCfg = Debug|Any CPU
		{B44EE6DE-0AAF-4E51-AAF5-94F1E264AC18}.Debug|Any CPU.Build.0 = Debug|Any CPU
		{B44EE6DE-0AAF-4E51-AAF5-94F1E264AC18}.Debug|Any CPU.Deploy.0 = Debug|Any CPU
		{B44EE6DE-0AAF-4E51-AAF5-94F1E264AC18}.Debug|ARM.ActiveCfg = Debug|Any CPU
		{B44EE6DE-0AAF-4E51-AAF5-94F1E264AC18}.Debug|ARM.Build.0 = Debug|Any CPU
		{B44EE6DE-0AAF-4E51-AAF5-94F1E264AC18}.Debug|ARM.Deploy.0 = Debug|Any CPU
		{B44EE6DE-0AAF-4E51-AAF5-94F1E264AC18}.Debug|ARM64.ActiveCfg = Debug|Any CPU
		{B44EE6DE-0AAF-4E51-AAF5-94F1E264AC18}.Debug|ARM64.Build.0 = Debug|Any CPU
		{B44EE6DE-0AAF-4E51-AAF5-94F1E264AC18}.Debug|ARM64.Deploy.0 = Debug|Any CPU
		{B44EE6DE-0AAF-4E51-AAF5-94F1E264AC18}.Debug|x64.ActiveCfg = Debug|Any CPU
		{B44EE6DE-0AAF-4E51-AAF5-94F1E264AC18}.Debug|x64.Build.0 = Debug|Any CPU
		{B44EE6DE-0AAF-4E51-AAF5-94F1E264AC18}.Debug|x64.Deploy.0 = Debug|Any CPU
		{B44EE6DE-0AAF-4E51-AAF5-94F1E264AC18}.Debug|x86.ActiveCfg = Debug|Any CPU
		{B44EE6DE-0AAF-4E51-AAF5-94F1E264AC18}.Debug|x86.Build.0 = Debug|Any CPU
		{B44EE6DE-0AAF-4E51-AAF5-94F1E264AC18}.Debug|x86.Deploy.0 = Debug|Any CPU
		{B44EE6DE-0AAF-4E51-AAF5-94F1E264AC18}.Release|Any CPU.ActiveCfg = Release|Any CPU
		{B44EE6DE-0AAF-4E51-AAF5-94F1E264AC18}.Release|Any CPU.Build.0 = Release|Any CPU
		{B44EE6DE-0AAF-4E51-AAF5-94F1E264AC18}.Release|ARM.ActiveCfg = Release|Any CPU
		{B44EE6DE-0AAF-4E51-AAF5-94F1E264AC18}.Release|ARM.Build.0 = Release|Any CPU
		{B44EE6DE-0AAF-4E51-AAF5-94F1E264AC18}.Release|ARM.Deploy.0 = Release|Any CPU
		{B44EE6DE-0AAF-4E51-AAF5-94F1E264AC18}.Release|ARM64.ActiveCfg = Release|Any CPU
		{B44EE6DE-0AAF-4E51-AAF5-94F1E264AC18}.Release|ARM64.Build.0 = Release|Any CPU
		{B44EE6DE-0AAF-4E51-AAF5-94F1E264AC18}.Release|ARM64.Deploy.0 = Release|Any CPU
		{B44EE6DE-0AAF-4E51-AAF5-94F1E264AC18}.Release|x64.ActiveCfg = Release|Any CPU
		{B44EE6DE-0AAF-4E51-AAF5-94F1E264AC18}.Release|x64.Build.0 = Release|Any CPU
		{B44EE6DE-0AAF-4E51-AAF5-94F1E264AC18}.Release|x64.Deploy.0 = Release|Any CPU
		{B44EE6DE-0AAF-4E51-AAF5-94F1E264AC18}.Release|x86.ActiveCfg = Release|Any CPU
		{B44EE6DE-0AAF-4E51-AAF5-94F1E264AC18}.Release|x86.Build.0 = Release|Any CPU
		{B44EE6DE-0AAF-4E51-AAF5-94F1E264AC18}.Release|x86.Deploy.0 = Release|Any CPU
	EndGlobalSection
	GlobalSection(SolutionProperties) = preSolution
		HideSolutionNode = FALSE
	EndGlobalSection
	GlobalSection(ExtensibilityGlobals) = postSolution
		SolutionGuid = {FBA26DF7-F767-4033-915A-927C4A8C4BC1}
	EndGlobalSection
EndGlobal
